
Microsoft Visual Studio Solution File, Format Version 12.00
# Visual Studio Version 16
VisualStudioVersion = 16.0.29201.188
MinimumVisualStudioVersion = 10.0.40219.1
Project("{FAE04EC0-301F-11D3-BF4B-00C04F79EFBC}") = "LambdaMusic", "LambdaMusic.csproj", "{481FB95C-A53E-4A44-91D7-24BFF0073457}"
EndProject
Global
	GlobalSection(SolutionConfigurationPlatforms) = preSolution
		Debug|Any CPU = Debug|Any CPU
		Release|Any CPU = Release|Any CPU
	EndGlobalSection
	GlobalSection(ProjectConfigurationPlatforms) = postSolution
		{481FB95C-A53E-4A44-91D7-24BFF0073457}.Debug|Any CPU.ActiveCfg = Debug|Any CPU
		{481FB95C-A53E-4A44-91D7-24BFF0073457}.Debug|Any CPU.Build.0 = Debug|Any CPU
		{481FB95C-A53E-4A44-91D7-24BFF0073457}.Release|Any CPU.ActiveCfg = Release|Any CPU
		{481FB95C-A53E-4A44-91D7-24BFF0073457}.Release|Any CPU.Build.0 = Release|Any CPU
	EndGlobalSection
	GlobalSection(SolutionProperties) = preSolution
		HideSolutionNode = FALSE
	EndGlobalSection
	GlobalSection(ExtensibilityGlobals) = postSolution
		SolutionGuid = {06968A42-0807-4146-909D-1791F8171595}
	EndGlobalSection
EndGlobal
